// !$*UTF8*$!
{
	archiveVersion = 1;
	classes = {
	};
	objectVersion = 50;
	objects = {

/* Begin PBXBuildFile section */
		A692DF7E2318FAD100C5C992 /* AppDelegate.swift in Sources */ = {isa = PBXBuildFile; fileRef = A692DF7D2318FAD100C5C992 /* AppDelegate.swift */; };
		A692DF802318FAD100C5C992 /* ViewController.swift in Sources */ = {isa = PBXBuildFile; fileRef = A692DF7F2318FAD100C5C992 /* ViewController.swift */; };
		A692DF832318FAD100C5C992 /* Main.storyboard in Resources */ = {isa = PBXBuildFile; fileRef = A692DF812318FAD100C5C992 /* Main.storyboard */; };
		A692DF862318FAD100C5C992 /* GeoLocationZ.xcdatamodeld in Sources */ = {isa = PBXBuildFile; fileRef = A692DF842318FAD100C5C992 /* GeoLocationZ.xcdatamodeld */; };
		A692DF882318FAD300C5C992 /* Assets.xcassets in Resources */ = {isa = PBXBuildFile; fileRef = A692DF872318FAD300C5C992 /* Assets.xcassets */; };
		A692DF8B2318FAD300C5C992 /* LaunchScreen.storyboard in Resources */ = {isa = PBXBuildFile; fileRef = A692DF892318FAD300C5C992 /* LaunchScreen.storyboard */; };
		A692DF962318FAD300C5C992 /* GeoLocationZTests.swift in Sources */ = {isa = PBXBuildFile; fileRef = A692DF952318FAD300C5C992 /* GeoLocationZTests.swift */; };
		A692DFA12318FAD300C5C992 /* GeoLocationZUITests.swift in Sources */ = {isa = PBXBuildFile; fileRef = A692DFA02318FAD300C5C992 /* GeoLocationZUITests.swift */; };
/* End PBXBuildFile section */

/* Begin PBXContainerItemProxy section */
		A692DF922318FAD300C5C992 /* PBXContainerItemProxy */ = {
			isa = PBXContainerItemProxy;
			containerPortal = A692DF722318FAD000C5C992 /* Project object */;
			proxyType = 1;
			remoteGlobalIDString = A692DF792318FAD100C5C992;
			remoteInfo = GeoLocationZ;
		};
		A692DF9D2318FAD300C5C992 /* PBXContainerItemProxy */ = {
			isa = PBXContainerItemProxy;
			containerPortal = A692DF722318FAD000C5C992 /* Project object */;
			proxyType = 1;
			remoteGlobalIDString = A692DF792318FAD100C5C992;
			remoteInfo = GeoLocationZ;
		};
/* End PBXContainerItemProxy section */

/* Begin PBXFileReference section */
		A692DF7A2318FAD100C5C992 /* GeoLocationZ.app */ = {isa = PBXFileReference; explicitFileType = wrapper.application; includeInIndex = 0; path = GeoLocationZ.app; sourceTree = BUILT_PRODUCTS_DIR; };
		A692DF7D2318FAD100C5C992 /* AppDelegate.swift */ = {isa = PBXFileReference; lastKnownFileType = sourcecode.swift; path = AppDelegate.swift; sourceTree = "<group>"; };
		A692DF7F2318FAD100C5C992 /* ViewController.swift */ = {isa = PBXFileReference; lastKnownFileType = sourcecode.swift; path = ViewController.swift; sourceTree = "<group>"; };
		A692DF822318FAD100C5C992 /* Base */ = {isa = PBXFileReference; lastKnownFileType = file.storyboard; name = Base; path = Base.lproj/Main.storyboard; sourceTree = "<group>"; };
		A692DF852318FAD100C5C992 /* GeoLocationZ.xcdatamodel */ = {isa = PBXFileReference; lastKnownFileType = wrapper.xcdatamodel; path = GeoLocationZ.xcdatamodel; sourceTree = "<group>"; };
		A692DF872318FAD300C5C992 /* Assets.xcassets */ = {isa = PBXFileReference; lastKnownFileType = folder.assetcatalog; path = Assets.xcassets; sourceTree = "<group>"; };
		A692DF8A2318FAD300C5C992 /* Base */ = {isa = PBXFileReference; lastKnownFileType = file.storyboard; name = Base; path = Base.lproj/LaunchScreen.storyboard; sourceTree = "<group>"; };
		A692DF8C2318FAD300C5C992 /* Info.plist */ = {isa = PBXFileReference; lastKnownFileType = text.plist.xml; path = Info.plist; sourceTree = "<group>"; };
		A692DF912318FAD300C5C992 /* GeoLocationZTests.xctest */ = {isa = PBXFileReference; explicitFileType = wrapper.cfbundle; includeInIndex = 0; path = GeoLocationZTests.xctest; sourceTree = BUILT_PRODUCTS_DIR; };
		A692DF952318FAD300C5C992 /* GeoLocationZTests.swift */ = {isa = PBXFileReference; lastKnownFileType = sourcecode.swift; path = GeoLocationZTests.swift; sourceTree = "<group>"; };
		A692DF972318FAD300C5C992 /* Info.plist */ = {isa = PBXFileReference; lastKnownFileType = text.plist.xml; path = Info.plist; sourceTree = "<group>"; };
		A692DF9C2318FAD300C5C992 /* GeoLocationZUITests.xctest */ = {isa = PBXFileReference; explicitFileType = wrapper.cfbundle; includeInIndex = 0; path = GeoLocationZUITests.xctest; sourceTree = BUILT_PRODUCTS_DIR; };
		A692DFA02318FAD300C5C992 /* GeoLocationZUITests.swift */ = {isa = PBXFileReference; lastKnownFileType = sourcecode.swift; path = GeoLocationZUITests.swift; sourceTree = "<group>"; };
		A692DFA22318FAD300C5C992 /* Info.plist */ = {isa = PBXFileReference; lastKnownFileType = text.plist.xml; path = Info.plist; sourceTree = "<group>"; };
/* End PBXFileReference section */

/* Begin PBXFrameworksBuildPhase section */
		A692DF772318FAD100C5C992 /* Frameworks */ = {
			isa = PBXFrameworksBuildPhase;
			buildActionMask = 2147483647;
			files = (
			);
			runOnlyForDeploymentPostprocessing = 0;
		};
		A692DF8E2318FAD300C5C992 /* Frameworks */ = {
			isa = PBXFrameworksBuildPhase;
			buildActionMask = 2147483647;
			files = (
			);
			runOnlyForDeploymentPostprocessing = 0;
		};
		A692DF992318FAD300C5C992 /* Frameworks */ = {
			isa = PBXFrameworksBuildPhase;
			buildActionMask = 2147483647;
			files = (
			);
			runOnlyForDeploymentPostprocessing = 0;
		};
/* End PBXFrameworksBuildPhase section */

/* Begin PBXGroup section */
		A692DF712318FAD000C5C992 = {
			isa = PBXGroup;
			children = (
				A692DF7C2318FAD100C5C992 /* GeoLocationZ */,
				A692DF942318FAD300C5C992 /* GeoLocationZTests */,
				A692DF9F2318FAD300C5C992 /* GeoLocationZUITests */,
				A692DF7B2318FAD100C5C992 /* Products */,
			);
			sourceTree = "<group>";
		};
		A692DF7B2318FAD100C5C992 /* Products */ = {
			isa = PBXGroup;
			children = (
				A692DF7A2318FAD100C5C992 /* GeoLocationZ.app */,
				A692DF912318FAD300C5C992 /* GeoLocationZTests.xctest */,
				A692DF9C2318FAD300C5C992 /* GeoLocationZUITests.xctest */,
			);
			name = Products;
			sourceTree = "<group>";
		};
		A692DF7C2318FAD100C5C992 /* GeoLocationZ */ = {
			isa = PBXGroup;
			children = (
				A692DF7D2318FAD100C5C992 /* AppDelegate.swift */,
				A692DF7F2318FAD100C5C992 /* ViewController.swift */,
				A692DF812318FAD100C5C992 /* Main.storyboard */,
				A692DF872318FAD300C5C992 /* Assets.xcassets */,
				A692DF892318FAD300C5C992 /* LaunchScreen.storyboard */,
				A692DF8C2318FAD300C5C992 /* Info.plist */,
				A692DF842318FAD100C5C992 /* GeoLocationZ.xcdatamodeld */,
			);
			path = GeoLocationZ;
			sourceTree = "<group>";
		};
		A692DF942318FAD300C5C992 /* GeoLocationZTests */ = {
			isa = PBXGroup;
			children = (
				A692DF952318FAD300C5C992 /* GeoLocationZTests.swift */,
				A692DF972318FAD300C5C992 /* Info.plist */,
			);
			path = GeoLocationZTests;
			sourceTree = "<group>";
		};
		A692DF9F2318FAD300C5C992 /* GeoLocationZUITests */ = {
			isa = PBXGroup;
			children = (
				A692DFA02318FAD300C5C992 /* GeoLocationZUITests.swift */,
				A692DFA22318FAD300C5C992 /* Info.plist */,
			);
			path = GeoLocationZUITests;
			sourceTree = "<group>";
		};
/* End PBXGroup section */

/* Begin PBXNativeTarget section */
		A692DF792318FAD100C5C992 /* GeoLocationZ */ = {
			isa = PBXNativeTarget;
			buildConfigurationList = A692DFA52318FAD300C5C992 /* Build configuration list for PBXNativeTarget "GeoLocationZ" */;
			buildPhases = (
				A692DF762318FAD100C5C992 /* Sources */,
				A692DF772318FAD100C5C992 /* Frameworks */,
				A692DF782318FAD100C5C992 /* Resources */,
			);
			buildRules = (
			);
			dependencies = (
			);
			name = GeoLocationZ;
			productName = GeoLocationZ;
			productReference = A692DF7A2318FAD100C5C992 /* GeoLocationZ.app */;
			productType = "com.apple.product-type.application";
		};
		A692DF902318FAD300C5C992 /* GeoLocationZTests */ = {
			isa = PBXNativeTarget;
			buildConfigurationList = A692DFA82318FAD300C5C992 /* Build configuration list for PBXNativeTarget "GeoLocationZTests" */;
			buildPhases = (
				A692DF8D2318FAD300C5C992 /* Sources */,
				A692DF8E2318FAD300C5C992 /* Frameworks */,
				A692DF8F2318FAD300C5C992 /* Resources */,
			);
			buildRules = (
			);
			dependencies = (
				A692DF932318FAD300C5C992 /* PBXTargetDependency */,
			);
			name = GeoLocationZTests;
			productName = GeoLocationZTests;
			productReference = A692DF912318FAD300C5C992 /* GeoLocationZTests.xctest */;
			productType = "com.apple.product-type.bundle.unit-test";
		};
		A692DF9B2318FAD300C5C992 /* GeoLocationZUITests */ = {
			isa = PBXNativeTarget;
			buildConfigurationList = A692DFAB2318FAD300C5C992 /* Build configuration list for PBXNativeTarget "GeoLocationZUITests" */;
			buildPhases = (
				A692DF982318FAD300C5C992 /* Sources */,
				A692DF992318FAD300C5C992 /* Frameworks */,
				A692DF9A2318FAD300C5C992 /* Resources */,
			);
			buildRules = (
			);
			dependencies = (
				A692DF9E2318FAD300C5C992 /* PBXTargetDependency */,
			);
			name = GeoLocationZUITests;
			productName = GeoLocationZUITests;
			productReference = A692DF9C2318FAD300C5C992 /* GeoLocationZUITests.xctest */;
			productType = "com.apple.product-type.bundle.ui-testing";
		};
/* End PBXNativeTarget section */

/* Begin PBXProject section */
		A692DF722318FAD000C5C992 /* Project object */ = {
			isa = PBXProject;
			attributes = {
				LastSwiftUpdateCheck = 1030;
				LastUpgradeCheck = 1030;
				ORGANIZATIONNAME = SoichiroWada;
				TargetAttributes = {
					A692DF792318FAD100C5C992 = {
						CreatedOnToolsVersion = 10.3;
					};
					A692DF902318FAD300C5C992 = {
						CreatedOnToolsVersion = 10.3;
						TestTargetID = A692DF792318FAD100C5C992;
					};
					A692DF9B2318FAD300C5C992 = {
						CreatedOnToolsVersion = 10.3;
						TestTargetID = A692DF792318FAD100C5C992;
					};
				};
			};
			buildConfigurationList = A692DF752318FAD000C5C992 /* Build configuration list for PBXProject "GeoLocationZ" */;
			compatibilityVersion = "Xcode 9.3";
			developmentRegion = en;
			hasScannedForEncodings = 0;
			knownRegions = (
				en,
				Base,
			);
			mainGroup = A692DF712318FAD000C5C992;
			productRefGroup = A692DF7B2318FAD100C5C992 /* Products */;
			projectDirPath = "";
			projectRoot = "";
			targets = (
				A692DF792318FAD100C5C992 /* GeoLocationZ */,
				A692DF902318FAD300C5C992 /* GeoLocationZTests */,
				A692DF9B2318FAD300C5C992 /* GeoLocationZUITests */,
			);
		};
/* End PBXProject section */

/* Begin PBXResourcesBuildPhase section */
		A692DF782318FAD100C5C992 /* Resources */ = {
			isa = PBXResourcesBuildPhase;
			buildActionMask = 2147483647;
			files = (
				A692DF8B2318FAD300C5C992 /* LaunchScreen.storyboard in Resources */,
				A692DF882318FAD300C5C992 /* Assets.xcassets in Resources */,
				A692DF832318FAD100C5C992 /* Main.storyboard in Resources */,
			);
			runOnlyForDeploymentPostprocessing = 0;
		};
		A692DF8F2318FAD300C5C992 /* Resources */ = {
			isa = PBXResourcesBuildPhase;
			buildActionMask = 2147483647;
			files = (
			);
			runOnlyForDeploymentPostprocessing = 0;
		};
		A692DF9A2318FAD300C5C992 /* Resources */ = {
			isa = PBXResourcesBuildPhase;
			buildActionMask = 2147483647;
			files = (
			);
			runOnlyForDeploymentPostprocessing = 0;
		};
/* End PBXResourcesBuildPhase section */

/* Begin PBXSourcesBuildPhase section */
		A692DF762318FAD100C5C992 /* Sources */ = {
			isa = PBXSourcesBuildPhase;
			buildActionMask = 2147483647;
			files = (
				A692DF802318FAD100C5C992 /* ViewController.swift in Sources */,
				A692DF7E2318FAD100C5C992 /* AppDelegate.swift in Sources */,
				A692DF862318FAD100C5C992 /* GeoLocationZ.xcdatamodeld in Sources */,
			);
			runOnlyForDeploymentPostprocessing = 0;
		};
		A692DF8D2318FAD300C5C992 /* Sources */ = {
			isa = PBXSourcesBuildPhase;
			buildActionMask = 2147483647;
			files = (
				A692DF962318FAD300C5C992 /* GeoLocationZTests.swift in Sources */,
			);
			runOnlyForDeploymentPostprocessing = 0;
		};
		A692DF982318FAD300C5C992 /* Sources */ = {
			isa = PBXSourcesBuildPhase;
			buildActionMask = 2147483647;
			files = (
				A692DFA12318FAD300C5C992 /* GeoLocationZUITests.swift in Sources */,
			);
			runOnlyForDeploymentPostprocessing = 0;
		};
/* End PBXSourcesBuildPhase section */

/* Begin PBXTargetDependency section */
		A692DF932318FAD300C5C992 /* PBXTargetDependency */ = {
			isa = PBXTargetDependency;
			target = A692DF792318FAD100C5C992 /* GeoLocationZ */;
			targetProxy = A692DF922318FAD300C5C992 /* PBXContainerItemProxy */;
		};
		A692DF9E2318FAD300C5C992 /* PBXTargetDependency */ = {
			isa = PBXTargetDependency;
			target = A692DF792318FAD100C5C992 /* GeoLocationZ */;
			targetProxy = A692DF9D2318FAD300C5C992 /* PBXContainerItemProxy */;
		};
/* End PBXTargetDependency section */

/* Begin PBXVariantGroup section */
		A692DF812318FAD100C5C992 /* Main.storyboard */ = {
			isa = PBXVariantGroup;
			children = (
				A692DF822318FAD100C5C992 /* Base */,
			);
			name = Main.storyboard;
			sourceTree = "<group>";
		};
		A692DF892318FAD300C5C992 /* LaunchScreen.storyboard */ = {
			isa = PBXVariantGroup;
			children = (
				A692DF8A2318FAD300C5C992 /* Base */,
			);
			name = LaunchScreen.storyboard;
			sourceTree = "<group>";
		};
/* End PBXVariantGroup section */

/* Begin XCBuildConfiguration section */
		A692DFA32318FAD300C5C992 /* Debug */ = {
			isa = XCBuildConfiguration;
			buildSettings = {
				ALWAYS_SEARCH_USER_PATHS = NO;
				CLANG_ANALYZER_NONNULL = YES;
				CLANG_ANALYZER_NUMBER_OBJECT_CONVERSION = YES_AGGRESSIVE;
				CLANG_CXX_LANGUAGE_STANDARD = "gnu++14";
				CLANG_CXX_LIBRARY = "libc++";
				CLANG_ENABLE_MODULES = YES;
				CLANG_ENABLE_OBJC_ARC = YES;
				CLANG_ENABLE_OBJC_WEAK = YES;
				CLANG_WARN_BLOCK_CAPTURE_AUTORELEASING = YES;
				CLANG_WARN_BOOL_CONVERSION = YES;
				CLANG_WARN_COMMA = YES;
				CLANG_WARN_CONSTANT_CONVERSION = YES;
				CLANG_WARN_DEPRECATED_OBJC_IMPLEMENTATIONS = YES;
				CLANG_WARN_DIRECT_OBJC_ISA_USAGE = YES_ERROR;
				CLANG_WARN_DOCUMENTATION_COMMENTS = YES;
				CLANG_WARN_EMPTY_BODY = YES;
				CLANG_WARN_ENUM_CONVERSION = YES;
				CLANG_WARN_INFINITE_RECURSION = YES;
				CLANG_WARN_INT_CONVERSION = YES;
				CLANG_WARN_NON_LITERAL_NULL_CONVERSION = YES;
				CLANG_WARN_OBJC_IMPLICIT_RETAIN_SELF = YES;
				CLANG_WARN_OBJC_LITERAL_CONVERSION = YES;
				CLANG_WARN_OBJC_ROOT_CLASS = YES_ERROR;
				CLANG_WARN_RANGE_LOOP_ANALYSIS = YES;
				CLANG_WARN_STRICT_PROTOTYPES = YES;
				CLANG_WARN_SUSPICIOUS_MOVE = YES;
				CLANG_WARN_UNGUARDED_AVAILABILITY = YES_AGGRESSIVE;
				CLANG_WARN_UNREACHABLE_CODE = YES;
				CLANG_WARN__DUPLICATE_METHOD_MATCH = YES;
				CODE_SIGN_IDENTITY = "iPhone Developer";
				COPY_PHASE_STRIP = NO;
				DEBUG_INFORMATION_FORMAT = dwarf;
				ENABLE_STRICT_OBJC_MSGSEND = YES;
				ENABLE_TESTABILITY = YES;
				GCC_C_LANGUAGE_STANDARD = gnu11;
				GCC_DYNAMIC_NO_PIC = NO;
				GCC_NO_COMMON_BLOCKS = YES;
				GCC_OPTIMIZATION_LEVEL = 0;
				GCC_PREPROCESSOR_DEFINITIONS = (
					"DEBUG=1",
					"$(inherited)",
				);
				GCC_WARN_64_TO_32_BIT_CONVERSION = YES;
				GCC_WARN_ABOUT_RETURN_TYPE = YES_ERROR;
				GCC_WARN_UNDECLARED_SELECTOR = YES;
				GCC_WARN_UNINITIALIZED_AUTOS = YES_AGGRESSIVE;
				GCC_WARN_UNUSED_FUNCTION = YES;
				GCC_WARN_UNUSED_VARIABLE = YES;
				IPHONEOS_DEPLOYMENT_TARGET = 12.4;
				MTL_ENABLE_DEBUG_INFO = INCLUDE_SOURCE;
				MTL_FAST_MATH = YES;
				ONLY_ACTIVE_ARCH = YES;
				SDKROOT = iphoneos;
				SWIFT_ACTIVE_COMPILATION_CONDITIONS = DEBUG;
				SWIFT_OPTIMIZATION_LEVEL = "-Onone";
			};
			name = Debug;
		};
		A692DFA42318FAD300C5C992 /* Release */ = {
			isa = XCBuildConfiguration;
			buildSettings = {
				ALWAYS_SEARCH_USER_PATHS = NO;
				CLANG_ANALYZER_NONNULL = YES;
				CLANG_ANALYZER_NUMBER_OBJECT_CONVERSION = YES_AGGRESSIVE;
				CLANG_CXX_LANGUAGE_STANDARD = "gnu++14";
				CLANG_CXX_LIBRARY = "libc++";
				CLANG_ENABLE_MODULES = YES;
				CLANG_ENABLE_OBJC_ARC = YES;
				CLANG_ENABLE_OBJC_WEAK = YES;
				CLANG_WARN_BLOCK_CAPTURE_AUTORELEASING = YES;
				CLANG_WARN_BOOL_CONVERSION = YES;
				CLANG_WARN_COMMA = YES;
				CLANG_WARN_CONSTANT_CONVERSION = YES;
				CLANG_WARN_DEPRECATED_OBJC_IMPLEMENTATIONS = YES;
				CLANG_WARN_DIRECT_OBJC_ISA_USAGE = YES_ERROR;
				CLANG_WARN_DOCUMENTATION_COMMENTS = YES;
				CLANG_WARN_EMPTY_BODY = YES;
				CLANG_WARN_ENUM_CONVERSION = YES;
				CLANG_WARN_INFINITE_RECURSION = YES;
				CLANG_WARN_INT_CONVERSION = YES;
				CLANG_WARN_NON_LITERAL_NULL_CONVERSION = YES;
				CLANG_WARN_OBJC_IMPLICIT_RETAIN_SELF = YES;
				CLANG_WARN_OBJC_LITERAL_CONVERSION = YES;
				CLANG_WARN_OBJC_ROOT_CLASS = YES_ERROR;
				CLANG_WARN_RANGE_LOOP_ANALYSIS = YES;
				CLANG_WARN_STRICT_PROTOTYPES = YES;
				CLANG_WARN_SUSPICIOUS_MOVE = YES;
				CLANG_WARN_UNGUARDED_AVAILABILITY = YES_AGGRESSIVE;
				CLANG_WARN_UNREACHABLE_CODE = YES;
				CLANG_WARN__DUPLICATE_METHOD_MATCH = YES;
				CODE_SIGN_IDENTITY = "iPhone Developer";
				COPY_PHASE_STRIP = NO;
				DEBUG_INFORMATION_FORMAT = "dwarf-with-dsym";
				ENABLE_NS_ASSERTIONS = NO;
				ENABLE_STRICT_OBJC_MSGSEND = YES;
				GCC_C_LANGUAGE_STANDARD = gnu11;
				GCC_NO_COMMON_BLOCKS = YES;
				GCC_WARN_64_TO_32_BIT_CONVERSION = YES;
				GCC_WARN_ABOUT_RETURN_TYPE = YES_ERROR;
				GCC_WARN_UNDECLARED_SELECTOR = YES;
				GCC_WARN_UNINITIALIZED_AUTOS = YES_AGGRESSIVE;
				GCC_WARN_UNUSED_FUNCTION = YES;
				GCC_WARN_UNUSED_VARIABLE = YES;
				IPHONEOS_DEPLOYMENT_TARGET = 12.4;
				MTL_ENABLE_DEBUG_INFO = NO;
				MTL_FAST_MATH = YES;
				SDKROOT = iphoneos;
				SWIFT_COMPILATION_MODE = wholemodule;
				SWIFT_OPTIMIZATION_LEVEL = "-O";
				VALIDATE_PRODUCT = YES;
			};
			name = Release;
		};
		A692DFA62318FAD300C5C992 /* Debug */ = {
			isa = XCBuildConfiguration;
			buildSettings = {
				ASSETCATALOG_COMPILER_APPICON_NAME = AppIcon;
				CODE_SIGN_STYLE = Automatic;
				DEVELOPMENT_TEAM = XN97D4MNCX;
				INFOPLIST_FILE = GeoLocationZ/Info.plist;
				IPHONEOS_DEPLOYMENT_TARGET = 12.4;
				LD_RUNPATH_SEARCH_PATHS = (
					"$(inherited)",
					"@executable_path/Frameworks",
				);
				PRODUCT_BUNDLE_IDENTIFIER = Cybersecurity.GeoLocationZ;
				PRODUCT_NAME = "$(TARGET_NAME)";
				SWIFT_VERSION = 5.0;
				TARGETED_DEVICE_FAMILY = 1;
			};
			name = Debug;
		};
		A692DFA72318FAD300C5C992 /* Release */ = {
			isa = XCBuildConfiguration;
			buildSettings = {
				ASSETCATALOG_COMPILER_APPICON_NAME = AppIcon;
				CODE_SIGN_STYLE = Automatic;
				DEVELOPMENT_TEAM = XN97D4MNCX;
				INFOPLIST_FILE = GeoLocationZ/Info.plist;
				IPHONEOS_DEPLOYMENT_TARGET = 12.4;
				LD_RUNPATH_SEARCH_PATHS = (
					"$(inherited)",
					"@executable_path/Frameworks",
				);
				PRODUCT_BUNDLE_IDENTIFIER = Cybersecurity.GeoLocationZ;
				PRODUCT_NAME = "$(TARGET_NAME)";
				SWIFT_VERSION = 5.0;
				TARGETED_DEVICE_FAMILY = 1;
			};
			name = Release;
		};
		A692DFA92318FAD300C5C992 /* Debug */ = {
			isa = XCBuildConfiguration;
			buildSettings = {
				ALWAYS_EMBED_SWIFT_STANDARD_LIBRARIES = YES;
				BUNDLE_LOADER = "$(TEST_HOST)";
				CODE_SIGN_STYLE = Automatic;
				INFOPLIST_FILE = GeoLocationZTests/Info.plist;
				LD_RUNPATH_SEARCH_PATHS = (
					"$(inherited)",
					"@executable_path/Frameworks",
					"@loader_path/Frameworks",
				);
				PRODUCT_BUNDLE_IDENTIFIER = Cybersecurity.GeoLocationZTests;
				PRODUCT_NAME = "$(TARGET_NAME)";
				SWIFT_VERSION = 5.0;
				TARGETED_DEVICE_FAMILY = "1,2";
				TEST_HOST = "$(BUILT_PRODUCTS_DIR)/GeoLocationZ.app/GeoLocationZ";
			};
			name = Debug;
		};
		A692DFAA2318FAD300C5C992 /* Release */ = {
			isa = XCBuildConfiguration;
			buildSettings = {
				ALWAYS_EMBED_SWIFT_STANDARD_LIBRARIES = YES;
				BUNDLE_LOADER = "$(TEST_HOST)";
				CODE_SIGN_STYLE = Automatic;
				INFOPLIST_FILE = GeoLocationZTests/Info.plist;
				LD_RUNPATH_SEARCH_PATHS = (
					"$(inherited)",
					"@executable_path/Frameworks",
					"@loader_path/Frameworks",
				);
				PRODUCT_BUNDLE_IDENTIFIER = Cybersecurity.GeoLocationZTests;
				PRODUCT_NAME = "$(TARGET_NAME)";
				SWIFT_VERSION = 5.0;
				TARGETED_DEVICE_FAMILY = "1,2";
				TEST_HOST = "$(BUILT_PRODUCTS_DIR)/GeoLocationZ.app/GeoLocationZ";
			};
			name = Release;
		};
		A692DFAC2318FAD300C5C992 /* Debug */ = {
			isa = XCBuildConfiguration;
			buildSettings = {
				ALWAYS_EMBED_SWIFT_STANDARD_LIBRARIES = YES;
				CODE_SIGN_STYLE = Automatic;
				INFOPLIST_FILE = GeoLocationZUITests/Info.plist;
				LD_RUNPATH_SEARCH_PATHS = (
					"$(inherited)",
					"@executable_path/Frameworks",
					"@loader_path/Frameworks",
				);
				PRODUCT_BUNDLE_IDENTIFIER = Cybersecurity.GeoLocationZUITests;
				PRODUCT_NAME = "$(TARGET_NAME)";
				SWIFT_VERSION = 5.0;
				TARGETED_DEVICE_FAMILY = "1,2";
				TEST_TARGET_NAME = GeoLocationZ;
			};
			name = Debug;
		};
		A692DFAD2318FAD300C5C992 /* Release */ = {
			isa = XCBuildConfiguration;
			buildSettings = {
				ALWAYS_EMBED_SWIFT_STANDARD_LIBRARIES = YES;
				CODE_SIGN_STYLE = Automatic;
				INFOPLIST_FILE = GeoLocationZUITests/Info.plist;
				LD_RUNPATH_SEARCH_PATHS = (
					"$(inherited)",
					"@executable_path/Frameworks",
					"@loader_path/Frameworks",
				);
				PRODUCT_BUNDLE_IDENTIFIER = Cybersecurity.GeoLocationZUITests;
				PRODUCT_NAME = "$(TARGET_NAME)";
				SWIFT_VERSION = 5.0;
				TARGETED_DEVICE_FAMILY = "1,2";
				TEST_TARGET_NAME = GeoLocationZ;
			};
			name = Release;
		};
/* End XCBuildConfiguration section */

/* Begin XCConfigurationList section */
		A692DF752318FAD000C5C992 /* Build configuration list for PBXProject "GeoLocationZ" */ = {
			isa = XCConfigurationList;
			buildConfigurations = (
				A692DFA32318FAD300C5C992 /* Debug */,
				A692DFA42318FAD300C5C992 /* Release */,
			);
			defaultConfigurationIsVisible = 0;
			defaultConfigurationName = Release;
		};
		A692DFA52318FAD300C5C992 /* Build configuration list for PBXNativeTarget "GeoLocationZ" */ = {
			isa = XCConfigurationList;
			buildConfigurations = (
				A692DFA62318FAD300C5C992 /* Debug */,
				A692DFA72318FAD300C5C992 /* Release */,
			);
			defaultConfigurationIsVisible = 0;
			defaultConfigurationName = Release;
		};
		A692DFA82318FAD300C5C992 /* Build configuration list for PBXNativeTarget "GeoLocationZTests" */ = {
			isa = XCConfigurationList;
			buildConfigurations = (
				A692DFA92318FAD300C5C992 /* Debug */,
				A692DFAA2318FAD300C5C992 /* Release */,
			);
			defaultConfigurationIsVisible = 0;
			defaultConfigurationName = Release;
		};
		A692DFAB2318FAD300C5C992 /* Build configuration list for PBXNativeTarget "GeoLocationZUITests" */ = {
			isa = XCConfigurationList;
			buildConfigurations = (
				A692DFAC2318FAD300C5C992 /* Debug */,
				A692DFAD2318FAD300C5C992 /* Release */,
			);
			defaultConfigurationIsVisible = 0;
			defaultConfigurationName = Release;
		};
/* End XCConfigurationList section */

/* Begin XCVersionGroup section */
		A692DF842318FAD100C5C992 /* GeoLocationZ.xcdatamodeld */ = {
			isa = XCVersionGroup;
			children = (
				A692DF852318FAD100C5C992 /* GeoLocationZ.xcdatamodel */,
			);
			currentVersion = A692DF852318FAD100C5C992 /* GeoLocationZ.xcdatamodel */;
			path = GeoLocationZ.xcdatamodeld;
			sourceTree = "<group>";
			versionGroupType = wrapper.xcdatamodel;
		};
/* End XCVersionGroup section */
	};
	rootObject = A692DF722318FAD000C5C992 /* Project object */;
}
